// !$*UTF8*$!
{
	archiveVersion = 1;
	classes = {
	};
	objectVersion = 51;
	objects = {

/* Begin PBXBuildFile section */
		16FFB01D2387B3D2000281CA /* AppDelegate.swift in Sources */ = {isa = PBXBuildFile; fileRef = 16FFB01C2387B3D2000281CA /* AppDelegate.swift */; };
		16FFB01F2387B3D2000281CA /* SceneDelegate.swift in Sources */ = {isa = PBXBuildFile; fileRef = 16FFB01E2387B3D2000281CA /* SceneDelegate.swift */; };
		16FFB0212387B3D2000281CA /* MySongsViewController.swift in Sources */ = {isa = PBXBuildFile; fileRef = 16FFB0202387B3D2000281CA /* MySongsViewController.swift */; };
		16FFB0242387B3D2000281CA /* Main.storyboard in Resources */ = {isa = PBXBuildFile; fileRef = 16FFB0222387B3D2000281CA /* Main.storyboard */; };
		16FFB0262387B3D3000281CA /* Assets.xcassets in Resources */ = {isa = PBXBuildFile; fileRef = 16FFB0252387B3D3000281CA /* Assets.xcassets */; };
		16FFB0292387B3D3000281CA /* LaunchScreen.storyboard in Resources */ = {isa = PBXBuildFile; fileRef = 16FFB0272387B3D3000281CA /* LaunchScreen.storyboard */; };
		16FFB0312387B9AE000281CA /* Song.swift in Sources */ = {isa = PBXBuildFile; fileRef = 16FFB0302387B9AE000281CA /* Song.swift */; };
		B27454B197CD974633C577F6 /* Pods_TranslationApp.framework in Frameworks */ = {isa = PBXBuildFile; fileRef = D3D161E29B75D7F14814B5C7 /* Pods_TranslationApp.framework */; };
/* End PBXBuildFile section */

/* Begin PBXFileReference section */
		1667A57C2389F83600BAC3F3 /* GoogleService-Info (1).plist */ = {isa = PBXFileReference; lastKnownFileType = text.plist.xml; path = "GoogleService-Info (1).plist"; sourceTree = "<group>"; };
		16FFB0192387B3D2000281CA /* TranslationApp.app */ = {isa = PBXFileReference; explicitFileType = wrapper.application; includeInIndex = 0; path = TranslationApp.app; sourceTree = BUILT_PRODUCTS_DIR; };
		16FFB01C2387B3D2000281CA /* AppDelegate.swift */ = {isa = PBXFileReference; lastKnownFileType = sourcecode.swift; path = AppDelegate.swift; sourceTree = "<group>"; };
		16FFB01E2387B3D2000281CA /* SceneDelegate.swift */ = {isa = PBXFileReference; lastKnownFileType = sourcecode.swift; path = SceneDelegate.swift; sourceTree = "<group>"; };
		16FFB0202387B3D2000281CA /* MySongsViewController.swift */ = {isa = PBXFileReference; lastKnownFileType = sourcecode.swift; path = MySongsViewController.swift; sourceTree = "<group>"; };
		16FFB0232387B3D2000281CA /* Base */ = {isa = PBXFileReference; lastKnownFileType = file.storyboard; name = Base; path = Base.lproj/Main.storyboard; sourceTree = "<group>"; };
		16FFB0252387B3D3000281CA /* Assets.xcassets */ = {isa = PBXFileReference; lastKnownFileType = folder.assetcatalog; path = Assets.xcassets; sourceTree = "<group>"; };
		16FFB0282387B3D3000281CA /* Base */ = {isa = PBXFileReference; lastKnownFileType = file.storyboard; name = Base; path = Base.lproj/LaunchScreen.storyboard; sourceTree = "<group>"; };
		16FFB02A2387B3D3000281CA /* Info.plist */ = {isa = PBXFileReference; lastKnownFileType = text.plist.xml; path = Info.plist; sourceTree = "<group>"; };
		16FFB0302387B9AE000281CA /* Song.swift */ = {isa = PBXFileReference; lastKnownFileType = sourcecode.swift; path = Song.swift; sourceTree = "<group>"; };
		96DD938136A1BB75802B4A50 /* Pods-TranslationApp.debug.xcconfig */ = {isa = PBXFileReference; includeInIndex = 1; lastKnownFileType = text.xcconfig; name = "Pods-TranslationApp.debug.xcconfig"; path = "Target Support Files/Pods-TranslationApp/Pods-TranslationApp.debug.xcconfig"; sourceTree = "<group>"; };
		989DBB6555326BFB4BD58F30 /* Pods-TranslationApp.release.xcconfig */ = {isa = PBXFileReference; includeInIndex = 1; lastKnownFileType = text.xcconfig; name = "Pods-TranslationApp.release.xcconfig"; path = "Target Support Files/Pods-TranslationApp/Pods-TranslationApp.release.xcconfig"; sourceTree = "<group>"; };
		D3D161E29B75D7F14814B5C7 /* Pods_TranslationApp.framework */ = {isa = PBXFileReference; explicitFileType = wrapper.framework; includeInIndex = 0; path = Pods_TranslationApp.framework; sourceTree = BUILT_PRODUCTS_DIR; };
/* End PBXFileReference section */

/* Begin PBXFrameworksBuildPhase section */
		16FFB0162387B3D2000281CA /* Frameworks */ = {
			isa = PBXFrameworksBuildPhase;
			buildActionMask = 2147483647;
			files = (
				B27454B197CD974633C577F6 /* Pods_TranslationApp.framework in Frameworks */,
			);
			runOnlyForDeploymentPostprocessing = 0;
		};
/* End PBXFrameworksBuildPhase section */

/* Begin PBXGroup section */
		1667A57B2389F82B00BAC3F3 /* Supporting Files */ = {
			isa = PBXGroup;
			children = (
				16FFB02A2387B3D3000281CA /* Info.plist */,
				1667A57C2389F83600BAC3F3 /* GoogleService-Info (1).plist */,
			);
			path = "Supporting Files";
			sourceTree = "<group>";
		};
		1667A57D2389F85400BAC3F3 /* View */ = {
			isa = PBXGroup;
			children = (
				16FFB0222387B3D2000281CA /* Main.storyboard */,
				16FFB0272387B3D3000281CA /* LaunchScreen.storyboard */,
			);
			path = View;
			sourceTree = "<group>";
		};
		1667A57E2389F87500BAC3F3 /* Controller */ = {
			isa = PBXGroup;
			children = (
				16FFB01E2387B3D2000281CA /* SceneDelegate.swift */,
				16FFB01C2387B3D2000281CA /* AppDelegate.swift */,
				16FFB0202387B3D2000281CA /* MySongsViewController.swift */,
			);
			path = Controller;
			sourceTree = "<group>";
		};
		1667A57F2389F88A00BAC3F3 /* Model */ = {
			isa = PBXGroup;
			children = (
				16FFB0302387B9AE000281CA /* Song.swift */,
			);
			path = Model;
			sourceTree = "<group>";
		};
		1667A5802389F8DE00BAC3F3 /* CustomSongCell */ = {
			isa = PBXGroup;
			children = (
			);
			path = CustomSongCell;
			sourceTree = "<group>";
		};
		16FFB0102387B3D2000281CA = {
			isa = PBXGroup;
			children = (
				16FFB01B2387B3D2000281CA /* TranslationApp */,
				16FFB01A2387B3D2000281CA /* Products */,
				CE1BC48F668856BF368FE15A /* Pods */,
				B478D7C804175C453CA52E24 /* Frameworks */,
			);
			sourceTree = "<group>";
		};
		16FFB01A2387B3D2000281CA /* Products */ = {
			isa = PBXGroup;
			children = (
				16FFB0192387B3D2000281CA /* TranslationApp.app */,
			);
			name = Products;
			sourceTree = "<group>";
		};
		16FFB01B2387B3D2000281CA /* TranslationApp */ = {
			isa = PBXGroup;
			children = (
				1667A5802389F8DE00BAC3F3 /* CustomSongCell */,
				1667A57F2389F88A00BAC3F3 /* Model */,
				1667A57E2389F87500BAC3F3 /* Controller */,
				1667A57D2389F85400BAC3F3 /* View */,
				16FFB0252387B3D3000281CA /* Assets.xcassets */,
				1667A57B2389F82B00BAC3F3 /* Supporting Files */,
			);
			path = TranslationApp;
			sourceTree = "<group>";
		};
		B478D7C804175C453CA52E24 /* Frameworks */ = {
			isa = PBXGroup;
			children = (
				D3D161E29B75D7F14814B5C7 /* Pods_TranslationApp.framework */,
			);
			name = Frameworks;
			sourceTree = "<group>";
		};
		CE1BC48F668856BF368FE15A /* Pods */ = {
			isa = PBXGroup;
			children = (
				96DD938136A1BB75802B4A50 /* Pods-TranslationApp.debug.xcconfig */,
				989DBB6555326BFB4BD58F30 /* Pods-TranslationApp.release.xcconfig */,
			);
			path = Pods;
			sourceTree = "<group>";
		};
/* End PBXGroup section */

/* Begin PBXNativeTarget section */
		16FFB0182387B3D2000281CA /* TranslationApp */ = {
			isa = PBXNativeTarget;
			buildConfigurationList = 16FFB02D2387B3D3000281CA /* Build configuration list for PBXNativeTarget "TranslationApp" */;
			buildPhases = (
				E98FB28FC7FE4B52C50997F2 /* [CP] Check Pods Manifest.lock */,
				16FFB0152387B3D2000281CA /* Sources */,
				16FFB0162387B3D2000281CA /* Frameworks */,
				16FFB0172387B3D2000281CA /* Resources */,
				60CEB506449C1A3532DE8E4C /* [CP] Embed Pods Frameworks */,
			);
			buildRules = (
			);
			dependencies = (
			);
			name = TranslationApp;
			productName = TranslationApp;
			productReference = 16FFB0192387B3D2000281CA /* TranslationApp.app */;
			productType = "com.apple.product-type.application";
		};
/* End PBXNativeTarget section */

/* Begin PBXProject section */
		16FFB0112387B3D2000281CA /* Project object */ = {
			isa = PBXProject;
			attributes = {
				LastSwiftUpdateCheck = 1120;
				LastUpgradeCheck = 1120;
				ORGANIZATIONNAME = "Ashley Raigosa";
				TargetAttributes = {
					16FFB0182387B3D2000281CA = {
						CreatedOnToolsVersion = 11.2.1;
					};
				};
			};
			buildConfigurationList = 16FFB0142387B3D2000281CA /* Build configuration list for PBXProject "TranslationApp" */;
			compatibilityVersion = "Xcode 9.3";
			developmentRegion = en;
			hasScannedForEncodings = 0;
			knownRegions = (
				en,
				Base,
			);
			mainGroup = 16FFB0102387B3D2000281CA;
			productRefGroup = 16FFB01A2387B3D2000281CA /* Products */;
			projectDirPath = "";
			projectRoot = "";
			targets = (
				16FFB0182387B3D2000281CA /* TranslationApp */,
			);
		};
/* End PBXProject section */

/* Begin PBXResourcesBuildPhase section */
		16FFB0172387B3D2000281CA /* Resources */ = {
			isa = PBXResourcesBuildPhase;
			buildActionMask = 2147483647;
			files = (
				16FFB0292387B3D3000281CA /* LaunchScreen.storyboard in Resources */,
				16FFB0262387B3D3000281CA /* Assets.xcassets in Resources */,
				16FFB0242387B3D2000281CA /* Main.storyboard in Resources */,
			);
			runOnlyForDeploymentPostprocessing = 0;
		};
/* End PBXResourcesBuildPhase section */

/* Begin PBXShellScriptBuildPhase section */
		60CEB506449C1A3532DE8E4C /* [CP] Embed Pods Frameworks */ = {
			isa = PBXShellScriptBuildPhase;
			buildActionMask = 2147483647;
			files = (
			);
			inputFileListPaths = (
				"${PODS_ROOT}/Target Support Files/Pods-TranslationApp/Pods-TranslationApp-frameworks-${CONFIGURATION}-input-files.xcfilelist",
			);
			name = "[CP] Embed Pods Frameworks";
			outputFileListPaths = (
				"${PODS_ROOT}/Target Support Files/Pods-TranslationApp/Pods-TranslationApp-frameworks-${CONFIGURATION}-output-files.xcfilelist",
			);
			runOnlyForDeploymentPostprocessing = 0;
			shellPath = /bin/sh;
			shellScript = "\"${PODS_ROOT}/Target Support Files/Pods-TranslationApp/Pods-TranslationApp-frameworks.sh\"\n";
			showEnvVarsInLog = 0;
		};
		E98FB28FC7FE4B52C50997F2 /* [CP] Check Pods Manifest.lock */ = {
			isa = PBXShellScriptBuildPhase;
			buildActionMask = 2147483647;
			files = (
			);
			inputFileListPaths = (
			);
			inputPaths = (
				"${PODS_PODFILE_DIR_PATH}/Podfile.lock",
				"${PODS_ROOT}/Manifest.lock",
			);
			name = "[CP] Check Pods Manifest.lock";
			outputFileListPaths = (
			);
			outputPaths = (
				"$(DERIVED_FILE_DIR)/Pods-TranslationApp-checkManifestLockResult.txt",
			);
			runOnlyForDeploymentPostprocessing = 0;
			shellPath = /bin/sh;
			shellScript = "diff \"${PODS_PODFILE_DIR_PATH}/Podfile.lock\" \"${PODS_ROOT}/Manifest.lock\" > /dev/null\nif [ $? != 0 ] ; then\n    # print error to STDERR\n    echo \"error: The sandbox is not in sync with the Podfile.lock. Run 'pod install' or update your CocoaPods installation.\" >&2\n    exit 1\nfi\n# This output is used by Xcode 'outputs' to avoid re-running this script phase.\necho \"SUCCESS\" > \"${SCRIPT_OUTPUT_FILE_0}\"\n";
			showEnvVarsInLog = 0;
		};
/* End PBXShellScriptBuildPhase section */

/* Begin PBXSourcesBuildPhase section */
		16FFB0152387B3D2000281CA /* Sources */ = {
			isa = PBXSourcesBuildPhase;
			buildActionMask = 2147483647;
			files = (
				16FFB0312387B9AE000281CA /* Song.swift in Sources */,
				16FFB0212387B3D2000281CA /* MySongsViewController.swift in Sources */,
				16FFB01D2387B3D2000281CA /* AppDelegate.swift in Sources */,
				16FFB01F2387B3D2000281CA /* SceneDelegate.swift in Sources */,
			);
			runOnlyForDeploymentPostprocessing = 0;
		};
/* End PBXSourcesBuildPhase section */

/* Begin PBXVariantGroup section */
		16FFB0222387B3D2000281CA /* Main.storyboard */ = {
			isa = PBXVariantGroup;
			children = (
				16FFB0232387B3D2000281CA /* Base */,
			);
			name = Main.storyboard;
			sourceTree = "<group>";
		};
		16FFB0272387B3D3000281CA /* LaunchScreen.storyboard */ = {
			isa = PBXVariantGroup;
			children = (
				16FFB0282387B3D3000281CA /* Base */,
			);
			name = LaunchScreen.storyboard;
			sourceTree = "<group>";
		};
/* End PBXVariantGroup section */

/* Begin XCBuildConfiguration section */
		16FFB02B2387B3D3000281CA /* Debug */ = {
			isa = XCBuildConfiguration;
			buildSettings = {
				ALWAYS_SEARCH_USER_PATHS = NO;
				CLANG_ANALYZER_NONNULL = YES;
				CLANG_ANALYZER_NUMBER_OBJECT_CONVERSION = YES_AGGRESSIVE;
				CLANG_CXX_LANGUAGE_STANDARD = "gnu++14";
				CLANG_CXX_LIBRARY = "libc++";
				CLANG_ENABLE_MODULES = YES;
				CLANG_ENABLE_OBJC_ARC = YES;
				CLANG_ENABLE_OBJC_WEAK = YES;
				CLANG_WARN_BLOCK_CAPTURE_AUTORELEASING = YES;
				CLANG_WARN_BOOL_CONVERSION = YES;
				CLANG_WARN_COMMA = YES;
				CLANG_WARN_CONSTANT_CONVERSION = YES;
				CLANG_WARN_DEPRECATED_OBJC_IMPLEMENTATIONS = YES;
				CLANG_WARN_DIRECT_OBJC_ISA_USAGE = YES_ERROR;
				CLANG_WARN_DOCUMENTATION_COMMENTS = YES;
				CLANG_WARN_EMPTY_BODY = YES;
				CLANG_WARN_ENUM_CONVERSION = YES;
				CLANG_WARN_INFINITE_RECURSION = YES;
				CLANG_WARN_INT_CONVERSION = YES;
				CLANG_WARN_NON_LITERAL_NULL_CONVERSION = YES;
				CLANG_WARN_OBJC_IMPLICIT_RETAIN_SELF = YES;
				CLANG_WARN_OBJC_LITERAL_CONVERSION = YES;
				CLANG_WARN_OBJC_ROOT_CLASS = YES_ERROR;
				CLANG_WARN_RANGE_LOOP_ANALYSIS = YES;
				CLANG_WARN_STRICT_PROTOTYPES = YES;
				CLANG_WARN_SUSPICIOUS_MOVE = YES;
				CLANG_WARN_UNGUARDED_AVAILABILITY = YES_AGGRESSIVE;
				CLANG_WARN_UNREACHABLE_CODE = YES;
				CLANG_WARN__DUPLICATE_METHOD_MATCH = YES;
				COPY_PHASE_STRIP = NO;
				DEBUG_INFORMATION_FORMAT = dwarf;
				ENABLE_STRICT_OBJC_MSGSEND = YES;
				ENABLE_TESTABILITY = YES;
				GCC_C_LANGUAGE_STANDARD = gnu11;
				GCC_DYNAMIC_NO_PIC = NO;
				GCC_NO_COMMON_BLOCKS = YES;
				GCC_OPTIMIZATION_LEVEL = 0;
				GCC_PREPROCESSOR_DEFINITIONS = (
					"DEBUG=1",
					"$(inherited)",
				);
				GCC_WARN_64_TO_32_BIT_CONVERSION = YES;
				GCC_WARN_ABOUT_RETURN_TYPE = YES_ERROR;
				GCC_WARN_UNDECLARED_SELECTOR = YES;
				GCC_WARN_UNINITIALIZED_AUTOS = YES_AGGRESSIVE;
				GCC_WARN_UNUSED_FUNCTION = YES;
				GCC_WARN_UNUSED_VARIABLE = YES;
				IPHONEOS_DEPLOYMENT_TARGET = 13.2;
				MTL_ENABLE_DEBUG_INFO = INCLUDE_SOURCE;
				MTL_FAST_MATH = YES;
				ONLY_ACTIVE_ARCH = YES;
				SDKROOT = iphoneos;
				SWIFT_ACTIVE_COMPILATION_CONDITIONS = DEBUG;
				SWIFT_OPTIMIZATION_LEVEL = "-Onone";
			};
			name = Debug;
		};
		16FFB02C2387B3D3000281CA /* Release */ = {
			isa = XCBuildConfiguration;
			buildSettings = {
				ALWAYS_SEARCH_USER_PATHS = NO;
				CLANG_ANALYZER_NONNULL = YES;
				CLANG_ANALYZER_NUMBER_OBJECT_CONVERSION = YES_AGGRESSIVE;
				CLANG_CXX_LANGUAGE_STANDARD = "gnu++14";
				CLANG_CXX_LIBRARY = "libc++";
				CLANG_ENABLE_MODULES = YES;
				CLANG_ENABLE_OBJC_ARC = YES;
				CLANG_ENABLE_OBJC_WEAK = YES;
				CLANG_WARN_BLOCK_CAPTURE_AUTORELEASING = YES;
				CLANG_WARN_BOOL_CONVERSION = YES;
				CLANG_WARN_COMMA = YES;
				CLANG_WARN_CONSTANT_CONVERSION = YES;
				CLANG_WARN_DEPRECATED_OBJC_IMPLEMENTATIONS = YES;
				CLANG_WARN_DIRECT_OBJC_ISA_USAGE = YES_ERROR;
				CLANG_WARN_DOCUMENTATION_COMMENTS = YES;
				CLANG_WARN_EMPTY_BODY = YES;
				CLANG_WARN_ENUM_CONVERSION = YES;
				CLANG_WARN_INFINITE_RECURSION = YES;
				CLANG_WARN_INT_CONVERSION = YES;
				CLANG_WARN_NON_LITERAL_NULL_CONVERSION = YES;
				CLANG_WARN_OBJC_IMPLICIT_RETAIN_SELF = YES;
				CLANG_WARN_OBJC_LITERAL_CONVERSION = YES;
				CLANG_WARN_OBJC_ROOT_CLASS = YES_ERROR;
				CLANG_WARN_RANGE_LOOP_ANALYSIS = YES;
				CLANG_WARN_STRICT_PROTOTYPES = YES;
				CLANG_WARN_SUSPICIOUS_MOVE = YES;
				CLANG_WARN_UNGUARDED_AVAILABILITY = YES_AGGRESSIVE;
				CLANG_WARN_UNREACHABLE_CODE = YES;
				CLANG_WARN__DUPLICATE_METHOD_MATCH = YES;
				COPY_PHASE_STRIP = NO;
				DEBUG_INFORMATION_FORMAT = "dwarf-with-dsym";
				ENABLE_NS_ASSERTIONS = NO;
				ENABLE_STRICT_OBJC_MSGSEND = YES;
				GCC_C_LANGUAGE_STANDARD = gnu11;
				GCC_NO_COMMON_BLOCKS = YES;
				GCC_WARN_64_TO_32_BIT_CONVERSION = YES;
				GCC_WARN_ABOUT_RETURN_TYPE = YES_ERROR;
				GCC_WARN_UNDECLARED_SELECTOR = YES;
				GCC_WARN_UNINITIALIZED_AUTOS = YES_AGGRESSIVE;
				GCC_WARN_UNUSED_FUNCTION = YES;
				GCC_WARN_UNUSED_VARIABLE = YES;
				IPHONEOS_DEPLOYMENT_TARGET = 13.2;
				MTL_ENABLE_DEBUG_INFO = NO;
				MTL_FAST_MATH = YES;
				SDKROOT = iphoneos;
				SWIFT_COMPILATION_MODE = wholemodule;
				SWIFT_OPTIMIZATION_LEVEL = "-O";
				VALIDATE_PRODUCT = YES;
			};
			name = Release;
		};
		16FFB02E2387B3D3000281CA /* Debug */ = {
			isa = XCBuildConfiguration;
			baseConfigurationReference = 96DD938136A1BB75802B4A50 /* Pods-TranslationApp.debug.xcconfig */;
			buildSettings = {
				ASSETCATALOG_COMPILER_APPICON_NAME = AppIcon;
				CODE_SIGN_STYLE = Automatic;
				DEVELOPMENT_TEAM = 3ZVXV95L56;
				INFOPLIST_FILE = TranslationApp/Info.plist;
				LD_RUNPATH_SEARCH_PATHS = (
					"$(inherited)",
					"@executable_path/Frameworks",
				);
				PRODUCT_BUNDLE_IDENTIFIER = com.AshleyRaigosa.TranslationApp;
				PRODUCT_NAME = "$(TARGET_NAME)";
				SWIFT_VERSION = 5.0;
				TARGETED_DEVICE_FAMILY = "1,2";
			};
			name = Debug;
		};
		16FFB02F2387B3D3000281CA /* Release */ = {
			isa = XCBuildConfiguration;
			baseConfigurationReference = 989DBB6555326BFB4BD58F30 /* Pods-TranslationApp.release.xcconfig */;
			buildSettings = {
				ASSETCATALOG_COMPILER_APPICON_NAME = AppIcon;
				CODE_SIGN_STYLE = Automatic;
				DEVELOPMENT_TEAM = 3ZVXV95L56;
				INFOPLIST_FILE = TranslationApp/Info.plist;
				LD_RUNPATH_SEARCH_PATHS = (
					"$(inherited)",
					"@executable_path/Frameworks",
				);
				PRODUCT_BUNDLE_IDENTIFIER = com.AshleyRaigosa.TranslationApp;
				PRODUCT_NAME = "$(TARGET_NAME)";
				SWIFT_VERSION = 5.0;
				TARGETED_DEVICE_FAMILY = "1,2";
			};
			name = Release;
		};
/* End XCBuildConfiguration section */

/* Begin XCConfigurationList section */
		16FFB0142387B3D2000281CA /* Build configuration list for PBXProject "TranslationApp" */ = {
			isa = XCConfigurationList;
			buildConfigurations = (
				16FFB02B2387B3D3000281CA /* Debug */,
				16FFB02C2387B3D3000281CA /* Release */,
			);
			defaultConfigurationIsVisible = 0;
			defaultConfigurationName = Release;
		};
		16FFB02D2387B3D3000281CA /* Build configuration list for PBXNativeTarget "TranslationApp" */ = {
			isa = XCConfigurationList;
			buildConfigurations = (
				16FFB02E2387B3D3000281CA /* Debug */,
				16FFB02F2387B3D3000281CA /* Release */,
			);
			defaultConfigurationIsVisible = 0;
			defaultConfigurationName = Release;
		};
/* End XCConfigurationList section */
	};
	rootObject = 16FFB0112387B3D2000281CA /* Project object */;
}
